
Microsoft Visual Studio Solution File, Format Version 12.00
# Visual Studio 15
VisualStudioVersion = 15.0.27703.2042
MinimumVisualStudioVersion = 10.0.40219.1
Project("{9A19103F-16F7-4668-BE54-9A1E7A4F7556}") = "iLouminate.AssemblyFactory.Example", "Example\iLouminate.AssemblyFactory.Example.csproj", "{58310840-D77C-4919-97D1-D0753FE48A28}"
EndProject
Project("{9A19103F-16F7-4668-BE54-9A1E7A4F7556}") = "iLouminate.AssemblyFactory", "Src\iLouminate.AssemblyFactory.csproj", "{56C477A5-FF1F-4B66-989E-747DB8E457C1}"
EndProject
Global
	GlobalSection(SolutionConfigurationPlatforms) = preSolution
		Debug|Any CPU = Debug|Any CPU
		Release|Any CPU = Release|Any CPU
	EndGlobalSection
	GlobalSection(ProjectConfigurationPlatforms) = postSolution
		{58310840-D77C-4919-97D1-D0753FE48A28}.Debug|Any CPU.ActiveCfg = Debug|Any CPU
		{58310840-D77C-4919-97D1-D0753FE48A28}.Debug|Any CPU.Build.0 = Debug|Any CPU
		{58310840-D77C-4919-97D1-D0753FE48A28}.Release|Any CPU.ActiveCfg = Release|Any CPU
		{58310840-D77C-4919-97D1-D0753FE48A28}.Release|Any CPU.Build.0 = Release|Any CPU
		{56C477A5-FF1F-4B66-989E-747DB8E457C1}.Debug|Any CPU.ActiveCfg = Debug|Any CPU
		{56C477A5-FF1F-4B66-989E-747DB8E457C1}.Debug|Any CPU.Build.0 = Debug|Any CPU
		{56C477A5-FF1F-4B66-989E-747DB8E457C1}.Release|Any CPU.ActiveCfg = Release|Any CPU
		{56C477A5-FF1F-4B66-989E-747DB8E457C1}.Release|Any CPU.Build.0 = Release|Any CPU
	EndGlobalSection
	GlobalSection(SolutionProperties) = preSolution
		HideSolutionNode = FALSE
	EndGlobalSection
	GlobalSection(ExtensibilityGlobals) = postSolution
		SolutionGuid = {2EDBC5F5-6BDD-48EE-A8C3-2710CE219053}
	EndGlobalSection
EndGlobal
